<?xml version="1.0" encoding="utf-8"?>
<Project ToolsVersion="4.0" xmlns="http://schemas.microsoft.com/developer/msbuild/2003">
  <ItemGroup>
    <Filter Include="Source Files">
      <UniqueIdentifier>{4FC737F1-C7A5-4376-A066-2A32D752A2FF}</UniqueIdentifier>
      <Extensions>cpp;c;cc;cxx;def;odl;idl;hpj;bat;asm;asmx</Extensions>
    </Filter>
    <Filter Include="Header Files">
      <UniqueIdentifier>{93995380-89BD-4b04-88EB-625FBE52EBFB}</UniqueIdentifier>
      <Extensions>h;hh;hpp;hxx;hm;inl;inc;xsd</Extensions>
    </Filter>
    <Filter Include="Resource Files">
      <UniqueIdentifier>{67DA6AB6-F800-4c08-8B7A-83BB121AAD01}</UniqueIdentifier>
      <Extensions>rc;ico;cur;bmp;dlg;rc2;rct;bin;rgs;gif;jpg;jpeg;jpe;resx;tiff;tif;png;wav;mfcribbon-ms</Extensions>
    </Filter>
    <Filter Include="Header Files\model">
      <UniqueIdentifier>{6e2c0c58-0abe-43da-9b99-bc9cd8fa936e}</UniqueIdentifier>
    </Filter>
    <Filter Include="Header Files\util">
      <UniqueIdentifier>{e0ac2478-3496-4376-b294-7a061b7e787f}</UniqueIdentifier>
    </Filter>
    <Filter Include="Header Files\states">
      <UniqueIdentifier>{0f574ffa-0aa9-44e4-8625-6069cf944a4e}</UniqueIdentifier>
    </Filter>
    <Filter Include="Source Files\model">
      <UniqueIdentifier>{92d19352-de0c-436e-9a37-e0b1eeb54daa}</UniqueIdentifier>
    </Filter>
    <Filter Include="Source Files\states">
      <UniqueIdentifier>{ae18f417-6f79-417d-afb0-5137000ad621}</UniqueIdentifier>
    </Filter>
    <Filter Include="Source Files\util">
      <UniqueIdentifier>{c05d4a9e-49e2-4eda-95b8-890f64da2145}</UniqueIdentifier>
    </Filter>
    <Filter Include="Header Files\model\cowStates">
      <UniqueIdentifier>{3cb33ef7-9f4b-41b9-add4-6cdcbbe32860}</UniqueIdentifier>
    </Filter>
    <Filter Include="Header Files\model\rabbitStates">
      <UniqueIdentifier>{0a674d2b-102c-4051-82bc-5982f6457b67}</UniqueIdentifier>
    </Filter>
    <Filter Include="Source Files\model\cowStates">
      <UniqueIdentifier>{e2170de7-3a5d-41a9-8459-cde2fc40a037}</UniqueIdentifier>
    </Filter>
    <Filter Include="Source Files\model\rabbitStates">
      <UniqueIdentifier>{395414ba-6bcd-4c71-ae7e-89b85a6c9ab7}</UniqueIdentifier>
    </Filter>
  </ItemGroup>
  <ItemGroup>
    <ClCompile Include="main.cpp">
      <Filter>Source Files</Filter>
    </ClCompile>
    <ClCompile Include="BaseGameEntity.cpp">
      <Filter>Source Files\model</Filter>
    </ClCompile>
    <ClCompile Include="EntityManager.cpp">
      <Filter>Source Files\model</Filter>
    </ClCompile>
    <ClCompile Include="Game.cpp">
      <Filter>Source Files\model</Filter>
    </ClCompile>
    <ClCompile Include="Drawer.cpp">
      <Filter>Source Files\util</Filter>
    </ClCompile>
    <ClCompile Include="MessageDispatcher.cpp">
      <Filter>Source Files\states</Filter>
    </ClCompile>
    <ClCompile Include="MovingEntity.cpp">
      <Filter>Source Files\model</Filter>
    </ClCompile>
    <ClCompile Include="Vehicle.cpp">
      <Filter>Source Files\model</Filter>
    </ClCompile>
    <ClCompile Include="Rabbit.cpp">
      <Filter>Source Files\model</Filter>
    </ClCompile>
    <ClCompile Include="Cow.cpp">
      <Filter>Source Files\model</Filter>
    </ClCompile>
    <ClCompile Include="SteeringBehaviors.cpp">
      <Filter>Source Files\model</Filter>
    </ClCompile>
    <ClCompile Include="CowPursuitState.cpp">
      <Filter>Source Files\model\cowStates</Filter>
    </ClCompile>
    <ClCompile Include="RabbitFleeState.cpp">
      <Filter>Source Files\model\rabbitStates</Filter>
    </ClCompile>
    <ClCompile Include="RabbitWanderState.cpp">
      <Filter>Source Files\model\rabbitStates</Filter>
    </ClCompile>
    <ClCompile Include="GameGeneticInstance.cpp">
      <Filter>Source Files\model</Filter>
    </ClCompile>
    <ClCompile Include="Weapon.cpp">
      <Filter>Source Files\model</Filter>
    </ClCompile>
    <ClCompile Include="Pill.cpp">
      <Filter>Source Files\model</Filter>
    </ClCompile>
  </ItemGroup>
  <ItemGroup>
    <ClInclude Include="BaseGameEntity.h">
      <Filter>Header Files\model</Filter>
    </ClInclude>
    <ClInclude Include="Game.h">
      <Filter>Header Files\model</Filter>
    </ClInclude>
    <ClInclude Include="EntityManager.h">
      <Filter>Header Files\model</Filter>
    </ClInclude>
    <ClInclude Include="Drawer.h">
      <Filter>Header Files\util</Filter>
    </ClInclude>
    <ClInclude Include="Sprite.h">
      <Filter>Header Files\util</Filter>
    </ClInclude>
    <ClInclude Include="MessageDispatcher.h">
      <Filter>Header Files\states</Filter>
    </ClInclude>
    <ClInclude Include="MessageTypes.h">
      <Filter>Header Files\states</Filter>
    </ClInclude>
    <ClInclude Include="State.h">
      <Filter>Header Files\states</Filter>
    </ClInclude>
    <ClInclude Include="StateMachine.h">
      <Filter>Header Files\states</Filter>
    </ClInclude>
    <ClInclude Include="Telegram.h">
      <Filter>Header Files\states</Filter>
    </ClInclude>
    <ClInclude Include="MovingEntity.h">
      <Filter>Header Files\model</Filter>
    </ClInclude>
    <ClInclude Include="Vehicle.h">
      <Filter>Header Files\model</Filter>
    </ClInclude>
    <ClInclude Include="Cow.h">
      <Filter>Header Files\model</Filter>
    </ClInclude>
    <ClInclude Include="Rabbit.h">
      <Filter>Header Files\model</Filter>
    </ClInclude>
    <ClInclude Include="SteeringBehaviors.h">
      <Filter>Header Files\model</Filter>
    </ClInclude>
    <ClInclude Include="CowPursuitState.h">
      <Filter>Header Files\model\cowStates</Filter>
    </ClInclude>
    <ClInclude Include="RabbitWanderState.h">
      <Filter>Header Files\model\rabbitStates</Filter>
    </ClInclude>
    <ClInclude Include="RabbitFleeState.h">
      <Filter>Header Files\model\rabbitStates</Filter>
    </ClInclude>
    <ClInclude Include="GameGeneticInstance.h">
      <Filter>Header Files\model</Filter>
    </ClInclude>
    <ClInclude Include="Weapon.h">
      <Filter>Header Files\model</Filter>
    </ClInclude>
    <ClInclude Include="Pill.h">
      <Filter>Header Files\model</Filter>
    </ClInclude>
  </ItemGroup>
</Project>